// !$*UTF8*$!
{
	archiveVersion = 1;
	classes = {
	};
	objectVersion = 50;
	objects = {

/* Begin PBXBuildFile section */
		04577C1B2692E30000095E5C /* AppDelegate.swift in Sources */ = {isa = PBXBuildFile; fileRef = 04577C1A2692E30000095E5C /* AppDelegate.swift */; };
		04577C1D2692E30000095E5C /* SceneDelegate.swift in Sources */ = {isa = PBXBuildFile; fileRef = 04577C1C2692E30000095E5C /* SceneDelegate.swift */; };
		04577C1F2692E30000095E5C /* ViewController.swift in Sources */ = {isa = PBXBuildFile; fileRef = 04577C1E2692E30000095E5C /* ViewController.swift */; };
		04577C222692E30000095E5C /* Main.storyboard in Resources */ = {isa = PBXBuildFile; fileRef = 04577C202692E30000095E5C /* Main.storyboard */; };
		04577C242692E30300095E5C /* Assets.xcassets in Resources */ = {isa = PBXBuildFile; fileRef = 04577C232692E30300095E5C /* Assets.xcassets */; };
		04577C272692E30300095E5C /* LaunchScreen.storyboard in Resources */ = {isa = PBXBuildFile; fileRef = 04577C252692E30300095E5C /* LaunchScreen.storyboard */; };
		04577C322692E30400095E5C /* EssentialFeedTests.swift in Sources */ = {isa = PBXBuildFile; fileRef = 04577C312692E30400095E5C /* EssentialFeedTests.swift */; };
		04577C3D2692E30400095E5C /* EssentialFeedUITests.swift in Sources */ = {isa = PBXBuildFile; fileRef = 04577C3C2692E30400095E5C /* EssentialFeedUITests.swift */; };
		04577C4F2692E9A300095E5C /* FeedItem.swift in Sources */ = {isa = PBXBuildFile; fileRef = 04577C4E2692E9A300095E5C /* FeedItem.swift */; };
		04577C542692EA3900095E5C /* FeedLoader.swift in Sources */ = {isa = PBXBuildFile; fileRef = 04577C532692EA3900095E5C /* FeedLoader.swift */; };
		04577C612692EFA600095E5C /* RemoteFeedTests.swift in Sources */ = {isa = PBXBuildFile; fileRef = 04577C602692EFA600095E5C /* RemoteFeedTests.swift */; };
		047179A926940354007CA10E /* FeedAPI.swift in Sources */ = {isa = PBXBuildFile; fileRef = 047179A826940354007CA10E /* FeedAPI.swift */; };
/* End PBXBuildFile section */

/* Begin PBXContainerItemProxy section */
		04577C2E2692E30400095E5C /* PBXContainerItemProxy */ = {
			isa = PBXContainerItemProxy;
			containerPortal = 04577C0F2692E30000095E5C /* Project object */;
			proxyType = 1;
			remoteGlobalIDString = 04577C162692E30000095E5C;
			remoteInfo = EssentialFeed;
		};
		04577C392692E30400095E5C /* PBXContainerItemProxy */ = {
			isa = PBXContainerItemProxy;
			containerPortal = 04577C0F2692E30000095E5C /* Project object */;
			proxyType = 1;
			remoteGlobalIDString = 04577C162692E30000095E5C;
			remoteInfo = EssentialFeed;
		};
/* End PBXContainerItemProxy section */

/* Begin PBXFileReference section */
		04577C172692E30000095E5C /* EssentialFeed.app */ = {isa = PBXFileReference; explicitFileType = wrapper.application; includeInIndex = 0; path = EssentialFeed.app; sourceTree = BUILT_PRODUCTS_DIR; };
		04577C1A2692E30000095E5C /* AppDelegate.swift */ = {isa = PBXFileReference; lastKnownFileType = sourcecode.swift; path = AppDelegate.swift; sourceTree = "<group>"; };
		04577C1C2692E30000095E5C /* SceneDelegate.swift */ = {isa = PBXFileReference; lastKnownFileType = sourcecode.swift; path = SceneDelegate.swift; sourceTree = "<group>"; };
		04577C1E2692E30000095E5C /* ViewController.swift */ = {isa = PBXFileReference; lastKnownFileType = sourcecode.swift; path = ViewController.swift; sourceTree = "<group>"; };
		04577C212692E30000095E5C /* Base */ = {isa = PBXFileReference; lastKnownFileType = file.storyboard; name = Base; path = Base.lproj/Main.storyboard; sourceTree = "<group>"; };
		04577C232692E30300095E5C /* Assets.xcassets */ = {isa = PBXFileReference; lastKnownFileType = folder.assetcatalog; path = Assets.xcassets; sourceTree = "<group>"; };
		04577C262692E30300095E5C /* Base */ = {isa = PBXFileReference; lastKnownFileType = file.storyboard; name = Base; path = Base.lproj/LaunchScreen.storyboard; sourceTree = "<group>"; };
		04577C282692E30300095E5C /* Info.plist */ = {isa = PBXFileReference; lastKnownFileType = text.plist.xml; path = Info.plist; sourceTree = "<group>"; };
		04577C2D2692E30400095E5C /* EssentialFeedTests.xctest */ = {isa = PBXFileReference; explicitFileType = wrapper.cfbundle; includeInIndex = 0; path = EssentialFeedTests.xctest; sourceTree = BUILT_PRODUCTS_DIR; };
		04577C312692E30400095E5C /* EssentialFeedTests.swift */ = {isa = PBXFileReference; lastKnownFileType = sourcecode.swift; path = EssentialFeedTests.swift; sourceTree = "<group>"; };
		04577C332692E30400095E5C /* Info.plist */ = {isa = PBXFileReference; lastKnownFileType = text.plist.xml; path = Info.plist; sourceTree = "<group>"; };
		04577C382692E30400095E5C /* EssentialFeedUITests.xctest */ = {isa = PBXFileReference; explicitFileType = wrapper.cfbundle; includeInIndex = 0; path = EssentialFeedUITests.xctest; sourceTree = BUILT_PRODUCTS_DIR; };
		04577C3C2692E30400095E5C /* EssentialFeedUITests.swift */ = {isa = PBXFileReference; lastKnownFileType = sourcecode.swift; path = EssentialFeedUITests.swift; sourceTree = "<group>"; };
		04577C3E2692E30400095E5C /* Info.plist */ = {isa = PBXFileReference; lastKnownFileType = text.plist.xml; path = Info.plist; sourceTree = "<group>"; };
		04577C4E2692E9A300095E5C /* FeedItem.swift */ = {isa = PBXFileReference; lastKnownFileType = sourcecode.swift; path = FeedItem.swift; sourceTree = "<group>"; };
		04577C532692EA3900095E5C /* FeedLoader.swift */ = {isa = PBXFileReference; lastKnownFileType = sourcecode.swift; path = FeedLoader.swift; sourceTree = "<group>"; };
		04577C602692EFA600095E5C /* RemoteFeedTests.swift */ = {isa = PBXFileReference; lastKnownFileType = sourcecode.swift; path = RemoteFeedTests.swift; sourceTree = "<group>"; };
		047179A826940354007CA10E /* FeedAPI.swift */ = {isa = PBXFileReference; lastKnownFileType = sourcecode.swift; path = FeedAPI.swift; sourceTree = "<group>"; };
/* End PBXFileReference section */

/* Begin PBXFrameworksBuildPhase section */
		04577C142692E30000095E5C /* Frameworks */ = {
			isa = PBXFrameworksBuildPhase;
			buildActionMask = 2147483647;
			files = (
			);
			runOnlyForDeploymentPostprocessing = 0;
		};
		04577C2A2692E30400095E5C /* Frameworks */ = {
			isa = PBXFrameworksBuildPhase;
			buildActionMask = 2147483647;
			files = (
			);
			runOnlyForDeploymentPostprocessing = 0;
		};
		04577C352692E30400095E5C /* Frameworks */ = {
			isa = PBXFrameworksBuildPhase;
			buildActionMask = 2147483647;
			files = (
			);
			runOnlyForDeploymentPostprocessing = 0;
		};
/* End PBXFrameworksBuildPhase section */

/* Begin PBXGroup section */
		04577C0E2692E2FF00095E5C = {
			isa = PBXGroup;
			children = (
				04577C192692E30000095E5C /* EssentialFeed */,
				04577C302692E30400095E5C /* EssentialFeedTests */,
				04577C3B2692E30400095E5C /* EssentialFeedUITests */,
				04577C182692E30000095E5C /* Products */,
			);
			sourceTree = "<group>";
		};
		04577C182692E30000095E5C /* Products */ = {
			isa = PBXGroup;
			children = (
				04577C172692E30000095E5C /* EssentialFeed.app */,
				04577C2D2692E30400095E5C /* EssentialFeedTests.xctest */,
				04577C382692E30400095E5C /* EssentialFeedUITests.xctest */,
			);
			name = Products;
			sourceTree = "<group>";
		};
		04577C192692E30000095E5C /* EssentialFeed */ = {
			isa = PBXGroup;
			children = (
				04577C1A2692E30000095E5C /* AppDelegate.swift */,
				04577C1C2692E30000095E5C /* SceneDelegate.swift */,
				04577C1E2692E30000095E5C /* ViewController.swift */,
				04577C202692E30000095E5C /* Main.storyboard */,
				04577C232692E30300095E5C /* Assets.xcassets */,
				04577C252692E30300095E5C /* LaunchScreen.storyboard */,
				04577C282692E30300095E5C /* Info.plist */,
				047179A42694023E007CA10E /* FeedAPI */,
				04577C4D2692E98300095E5C /* FeedFeature */,
			);
			path = EssentialFeed;
			sourceTree = "<group>";
		};
		04577C302692E30400095E5C /* EssentialFeedTests */ = {
			isa = PBXGroup;
			children = (
				04577C312692E30400095E5C /* EssentialFeedTests.swift */,
				04577C602692EFA600095E5C /* RemoteFeedTests.swift */,
				04577C332692E30400095E5C /* Info.plist */,
			);
			path = EssentialFeedTests;
			sourceTree = "<group>";
		};
		04577C3B2692E30400095E5C /* EssentialFeedUITests */ = {
			isa = PBXGroup;
			children = (
				04577C3C2692E30400095E5C /* EssentialFeedUITests.swift */,
				04577C3E2692E30400095E5C /* Info.plist */,
			);
			path = EssentialFeedUITests;
			sourceTree = "<group>";
		};
		04577C4D2692E98300095E5C /* FeedFeature */ = {
			isa = PBXGroup;
			children = (
				04577C4E2692E9A300095E5C /* FeedItem.swift */,
				04577C532692EA3900095E5C /* FeedLoader.swift */,
			);
			path = FeedFeature;
			sourceTree = "<group>";
		};
		047179A42694023E007CA10E /* FeedAPI */ = {
			isa = PBXGroup;
			children = (
				047179A826940354007CA10E /* FeedAPI.swift */,
			);
			path = FeedAPI;
			sourceTree = "<group>";
		};
/* End PBXGroup section */

/* Begin PBXNativeTarget section */
		04577C162692E30000095E5C /* EssentialFeed */ = {
			isa = PBXNativeTarget;
			buildConfigurationList = 04577C412692E30400095E5C /* Build configuration list for PBXNativeTarget "EssentialFeed" */;
			buildPhases = (
				04577C132692E30000095E5C /* Sources */,
				04577C142692E30000095E5C /* Frameworks */,
				04577C152692E30000095E5C /* Resources */,
			);
			buildRules = (
			);
			dependencies = (
			);
			name = EssentialFeed;
			productName = EssentialFeed;
			productReference = 04577C172692E30000095E5C /* EssentialFeed.app */;
			productType = "com.apple.product-type.application";
		};
		04577C2C2692E30400095E5C /* EssentialFeedTests */ = {
			isa = PBXNativeTarget;
			buildConfigurationList = 04577C442692E30400095E5C /* Build configuration list for PBXNativeTarget "EssentialFeedTests" */;
			buildPhases = (
				04577C292692E30400095E5C /* Sources */,
				04577C2A2692E30400095E5C /* Frameworks */,
				04577C2B2692E30400095E5C /* Resources */,
			);
			buildRules = (
			);
			dependencies = (
				04577C2F2692E30400095E5C /* PBXTargetDependency */,
			);
			name = EssentialFeedTests;
			productName = EssentialFeedTests;
			productReference = 04577C2D2692E30400095E5C /* EssentialFeedTests.xctest */;
			productType = "com.apple.product-type.bundle.unit-test";
		};
		04577C372692E30400095E5C /* EssentialFeedUITests */ = {
			isa = PBXNativeTarget;
			buildConfigurationList = 04577C472692E30400095E5C /* Build configuration list for PBXNativeTarget "EssentialFeedUITests" */;
			buildPhases = (
				04577C342692E30400095E5C /* Sources */,
				04577C352692E30400095E5C /* Frameworks */,
				04577C362692E30400095E5C /* Resources */,
			);
			buildRules = (
			);
			dependencies = (
				04577C3A2692E30400095E5C /* PBXTargetDependency */,
			);
			name = EssentialFeedUITests;
			productName = EssentialFeedUITests;
			productReference = 04577C382692E30400095E5C /* EssentialFeedUITests.xctest */;
			productType = "com.apple.product-type.bundle.ui-testing";
		};
/* End PBXNativeTarget section */

/* Begin PBXProject section */
		04577C0F2692E30000095E5C /* Project object */ = {
			isa = PBXProject;
			attributes = {
				LastSwiftUpdateCheck = 1220;
				LastUpgradeCheck = 1220;
				TargetAttributes = {
					04577C162692E30000095E5C = {
						CreatedOnToolsVersion = 12.2;
					};
					04577C2C2692E30400095E5C = {
						CreatedOnToolsVersion = 12.2;
						TestTargetID = 04577C162692E30000095E5C;
					};
					04577C372692E30400095E5C = {
						CreatedOnToolsVersion = 12.2;
						TestTargetID = 04577C162692E30000095E5C;
					};
				};
			};
			buildConfigurationList = 04577C122692E30000095E5C /* Build configuration list for PBXProject "EssentialFeed" */;
			compatibilityVersion = "Xcode 9.3";
			developmentRegion = en;
			hasScannedForEncodings = 0;
			knownRegions = (
				en,
				Base,
			);
			mainGroup = 04577C0E2692E2FF00095E5C;
			productRefGroup = 04577C182692E30000095E5C /* Products */;
			projectDirPath = "";
			projectRoot = "";
			targets = (
				04577C162692E30000095E5C /* EssentialFeed */,
				04577C2C2692E30400095E5C /* EssentialFeedTests */,
				04577C372692E30400095E5C /* EssentialFeedUITests */,
			);
		};
/* End PBXProject section */

/* Begin PBXResourcesBuildPhase section */
		04577C152692E30000095E5C /* Resources */ = {
			isa = PBXResourcesBuildPhase;
			buildActionMask = 2147483647;
			files = (
				04577C272692E30300095E5C /* LaunchScreen.storyboard in Resources */,
				04577C242692E30300095E5C /* Assets.xcassets in Resources */,
				04577C222692E30000095E5C /* Main.storyboard in Resources */,
			);
			runOnlyForDeploymentPostprocessing = 0;
		};
		04577C2B2692E30400095E5C /* Resources */ = {
			isa = PBXResourcesBuildPhase;
			buildActionMask = 2147483647;
			files = (
			);
			runOnlyForDeploymentPostprocessing = 0;
		};
		04577C362692E30400095E5C /* Resources */ = {
			isa = PBXResourcesBuildPhase;
			buildActionMask = 2147483647;
			files = (
			);
			runOnlyForDeploymentPostprocessing = 0;
		};
/* End PBXResourcesBuildPhase section */

/* Begin PBXSourcesBuildPhase section */
		04577C132692E30000095E5C /* Sources */ = {
			isa = PBXSourcesBuildPhase;
			buildActionMask = 2147483647;
			files = (
				047179A926940354007CA10E /* FeedAPI.swift in Sources */,
				04577C4F2692E9A300095E5C /* FeedItem.swift in Sources */,
				04577C1F2692E30000095E5C /* ViewController.swift in Sources */,
				04577C1B2692E30000095E5C /* AppDelegate.swift in Sources */,
				04577C542692EA3900095E5C /* FeedLoader.swift in Sources */,
				04577C1D2692E30000095E5C /* SceneDelegate.swift in Sources */,
			);
			runOnlyForDeploymentPostprocessing = 0;
		};
		04577C292692E30400095E5C /* Sources */ = {
			isa = PBXSourcesBuildPhase;
			buildActionMask = 2147483647;
			files = (
				04577C322692E30400095E5C /* EssentialFeedTests.swift in Sources */,
				04577C612692EFA600095E5C /* RemoteFeedTests.swift in Sources */,
			);
			runOnlyForDeploymentPostprocessing = 0;
		};
		04577C342692E30400095E5C /* Sources */ = {
			isa = PBXSourcesBuildPhase;
			buildActionMask = 2147483647;
			files = (
				04577C3D2692E30400095E5C /* EssentialFeedUITests.swift in Sources */,
			);
			runOnlyForDeploymentPostprocessing = 0;
		};
/* End PBXSourcesBuildPhase section */

/* Begin PBXTargetDependency section */
		04577C2F2692E30400095E5C /* PBXTargetDependency */ = {
			isa = PBXTargetDependency;
			target = 04577C162692E30000095E5C /* EssentialFeed */;
			targetProxy = 04577C2E2692E30400095E5C /* PBXContainerItemProxy */;
		};
		04577C3A2692E30400095E5C /* PBXTargetDependency */ = {
			isa = PBXTargetDependency;
			target = 04577C162692E30000095E5C /* EssentialFeed */;
			targetProxy = 04577C392692E30400095E5C /* PBXContainerItemProxy */;
		};
/* End PBXTargetDependency section */

/* Begin PBXVariantGroup section */
		04577C202692E30000095E5C /* Main.storyboard */ = {
			isa = PBXVariantGroup;
			children = (
				04577C212692E30000095E5C /* Base */,
			);
			name = Main.storyboard;
			sourceTree = "<group>";
		};
		04577C252692E30300095E5C /* LaunchScreen.storyboard */ = {
			isa = PBXVariantGroup;
			children = (
				04577C262692E30300095E5C /* Base */,
			);
			name = LaunchScreen.storyboard;
			sourceTree = "<group>";
		};
/* End PBXVariantGroup section */

/* Begin XCBuildConfiguration section */
		04577C3F2692E30400095E5C /* Debug */ = {
			isa = XCBuildConfiguration;
			buildSettings = {
				ALWAYS_SEARCH_USER_PATHS = NO;
				CLANG_ANALYZER_NONNULL = YES;
				CLANG_ANALYZER_NUMBER_OBJECT_CONVERSION = YES_AGGRESSIVE;
				CLANG_CXX_LANGUAGE_STANDARD = "gnu++14";
				CLANG_CXX_LIBRARY = "libc++";
				CLANG_ENABLE_MODULES = YES;
				CLANG_ENABLE_OBJC_ARC = YES;
				CLANG_ENABLE_OBJC_WEAK = YES;
				CLANG_WARN_BLOCK_CAPTURE_AUTORELEASING = YES;
				CLANG_WARN_BOOL_CONVERSION = YES;
				CLANG_WARN_COMMA = YES;
				CLANG_WARN_CONSTANT_CONVERSION = YES;
				CLANG_WARN_DEPRECATED_OBJC_IMPLEMENTATIONS = YES;
				CLANG_WARN_DIRECT_OBJC_ISA_USAGE = YES_ERROR;
				CLANG_WARN_DOCUMENTATION_COMMENTS = YES;
				CLANG_WARN_EMPTY_BODY = YES;
				CLANG_WARN_ENUM_CONVERSION = YES;
				CLANG_WARN_INFINITE_RECURSION = YES;
				CLANG_WARN_INT_CONVERSION = YES;
				CLANG_WARN_NON_LITERAL_NULL_CONVERSION = YES;
				CLANG_WARN_OBJC_IMPLICIT_RETAIN_SELF = YES;
				CLANG_WARN_OBJC_LITERAL_CONVERSION = YES;
				CLANG_WARN_OBJC_ROOT_CLASS = YES_ERROR;
				CLANG_WARN_QUOTED_INCLUDE_IN_FRAMEWORK_HEADER = YES;
				CLANG_WARN_RANGE_LOOP_ANALYSIS = YES;
				CLANG_WARN_STRICT_PROTOTYPES = YES;
				CLANG_WARN_SUSPICIOUS_MOVE = YES;
				CLANG_WARN_UNGUARDED_AVAILABILITY = YES_AGGRESSIVE;
				CLANG_WARN_UNREACHABLE_CODE = YES;
				CLANG_WARN__DUPLICATE_METHOD_MATCH = YES;
				COPY_PHASE_STRIP = NO;
				DEBUG_INFORMATION_FORMAT = dwarf;
				ENABLE_STRICT_OBJC_MSGSEND = YES;
				ENABLE_TESTABILITY = YES;
				GCC_C_LANGUAGE_STANDARD = gnu11;
				GCC_DYNAMIC_NO_PIC = NO;
				GCC_NO_COMMON_BLOCKS = YES;
				GCC_OPTIMIZATION_LEVEL = 0;
				GCC_PREPROCESSOR_DEFINITIONS = (
					"DEBUG=1",
					"$(inherited)",
				);
				GCC_WARN_64_TO_32_BIT_CONVERSION = YES;
				GCC_WARN_ABOUT_RETURN_TYPE = YES_ERROR;
				GCC_WARN_UNDECLARED_SELECTOR = YES;
				GCC_WARN_UNINITIALIZED_AUTOS = YES_AGGRESSIVE;
				GCC_WARN_UNUSED_FUNCTION = YES;
				GCC_WARN_UNUSED_VARIABLE = YES;
				IPHONEOS_DEPLOYMENT_TARGET = 14.2;
				MTL_ENABLE_DEBUG_INFO = INCLUDE_SOURCE;
				MTL_FAST_MATH = YES;
				ONLY_ACTIVE_ARCH = YES;
				SDKROOT = iphoneos;
				SWIFT_ACTIVE_COMPILATION_CONDITIONS = DEBUG;
				SWIFT_OPTIMIZATION_LEVEL = "-Onone";
			};
			name = Debug;
		};
		04577C402692E30400095E5C /* Release */ = {
			isa = XCBuildConfiguration;
			buildSettings = {
				ALWAYS_SEARCH_USER_PATHS = NO;
				CLANG_ANALYZER_NONNULL = YES;
				CLANG_ANALYZER_NUMBER_OBJECT_CONVERSION = YES_AGGRESSIVE;
				CLANG_CXX_LANGUAGE_STANDARD = "gnu++14";
				CLANG_CXX_LIBRARY = "libc++";
				CLANG_ENABLE_MODULES = YES;
				CLANG_ENABLE_OBJC_ARC = YES;
				CLANG_ENABLE_OBJC_WEAK = YES;
				CLANG_WARN_BLOCK_CAPTURE_AUTORELEASING = YES;
				CLANG_WARN_BOOL_CONVERSION = YES;
				CLANG_WARN_COMMA = YES;
				CLANG_WARN_CONSTANT_CONVERSION = YES;
				CLANG_WARN_DEPRECATED_OBJC_IMPLEMENTATIONS = YES;
				CLANG_WARN_DIRECT_OBJC_ISA_USAGE = YES_ERROR;
				CLANG_WARN_DOCUMENTATION_COMMENTS = YES;
				CLANG_WARN_EMPTY_BODY = YES;
				CLANG_WARN_ENUM_CONVERSION = YES;
				CLANG_WARN_INFINITE_RECURSION = YES;
				CLANG_WARN_INT_CONVERSION = YES;
				CLANG_WARN_NON_LITERAL_NULL_CONVERSION = YES;
				CLANG_WARN_OBJC_IMPLICIT_RETAIN_SELF = YES;
				CLANG_WARN_OBJC_LITERAL_CONVERSION = YES;
				CLANG_WARN_OBJC_ROOT_CLASS = YES_ERROR;
				CLANG_WARN_QUOTED_INCLUDE_IN_FRAMEWORK_HEADER = YES;
				CLANG_WARN_RANGE_LOOP_ANALYSIS = YES;
				CLANG_WARN_STRICT_PROTOTYPES = YES;
				CLANG_WARN_SUSPICIOUS_MOVE = YES;
				CLANG_WARN_UNGUARDED_AVAILABILITY = YES_AGGRESSIVE;
				CLANG_WARN_UNREACHABLE_CODE = YES;
				CLANG_WARN__DUPLICATE_METHOD_MATCH = YES;
				COPY_PHASE_STRIP = NO;
				DEBUG_INFORMATION_FORMAT = "dwarf-with-dsym";
				ENABLE_NS_ASSERTIONS = NO;
				ENABLE_STRICT_OBJC_MSGSEND = YES;
				GCC_C_LANGUAGE_STANDARD = gnu11;
				GCC_NO_COMMON_BLOCKS = YES;
				GCC_WARN_64_TO_32_BIT_CONVERSION = YES;
				GCC_WARN_ABOUT_RETURN_TYPE = YES_ERROR;
				GCC_WARN_UNDECLARED_SELECTOR = YES;
				GCC_WARN_UNINITIALIZED_AUTOS = YES_AGGRESSIVE;
				GCC_WARN_UNUSED_FUNCTION = YES;
				GCC_WARN_UNUSED_VARIABLE = YES;
				IPHONEOS_DEPLOYMENT_TARGET = 14.2;
				MTL_ENABLE_DEBUG_INFO = NO;
				MTL_FAST_MATH = YES;
				SDKROOT = iphoneos;
				SWIFT_COMPILATION_MODE = wholemodule;
				SWIFT_OPTIMIZATION_LEVEL = "-O";
				VALIDATE_PRODUCT = YES;
			};
			name = Release;
		};
		04577C422692E30400095E5C /* Debug */ = {
			isa = XCBuildConfiguration;
			buildSettings = {
				ASSETCATALOG_COMPILER_APPICON_NAME = AppIcon;
				ASSETCATALOG_COMPILER_GLOBAL_ACCENT_COLOR_NAME = AccentColor;
				CODE_SIGN_STYLE = Automatic;
				DEVELOPMENT_TEAM = 2C96CYR5K8;
				INFOPLIST_FILE = EssentialFeed/Info.plist;
				LD_RUNPATH_SEARCH_PATHS = (
					"$(inherited)",
					"@executable_path/Frameworks",
				);
				PRODUCT_BUNDLE_IDENTIFIER = com.allen.EssentialFeed;
				PRODUCT_NAME = "$(TARGET_NAME)";
				SWIFT_VERSION = 5.0;
				TARGETED_DEVICE_FAMILY = "1,2";
			};
			name = Debug;
		};
		04577C432692E30400095E5C /* Release */ = {
			isa = XCBuildConfiguration;
			buildSettings = {
				ASSETCATALOG_COMPILER_APPICON_NAME = AppIcon;
				ASSETCATALOG_COMPILER_GLOBAL_ACCENT_COLOR_NAME = AccentColor;
				CODE_SIGN_STYLE = Automatic;
				DEVELOPMENT_TEAM = 2C96CYR5K8;
				INFOPLIST_FILE = EssentialFeed/Info.plist;
				LD_RUNPATH_SEARCH_PATHS = (
					"$(inherited)",
					"@executable_path/Frameworks",
				);
				PRODUCT_BUNDLE_IDENTIFIER = com.allen.EssentialFeed;
				PRODUCT_NAME = "$(TARGET_NAME)";
				SWIFT_VERSION = 5.0;
				TARGETED_DEVICE_FAMILY = "1,2";
			};
			name = Release;
		};
		04577C452692E30400095E5C /* Debug */ = {
			isa = XCBuildConfiguration;
			buildSettings = {
				ALWAYS_EMBED_SWIFT_STANDARD_LIBRARIES = YES;
				BUNDLE_LOADER = "$(TEST_HOST)";
				CODE_SIGN_STYLE = Automatic;
				DEVELOPMENT_TEAM = 2C96CYR5K8;
				INFOPLIST_FILE = EssentialFeedTests/Info.plist;
				IPHONEOS_DEPLOYMENT_TARGET = 14.2;
				LD_RUNPATH_SEARCH_PATHS = (
					"$(inherited)",
					"@executable_path/Frameworks",
					"@loader_path/Frameworks",
				);
				PRODUCT_BUNDLE_IDENTIFIER = com.allen.EssentialFeedTests;
				PRODUCT_NAME = "$(TARGET_NAME)";
				SWIFT_VERSION = 5.0;
				TARGETED_DEVICE_FAMILY = "1,2";
				TEST_HOST = "$(BUILT_PRODUCTS_DIR)/EssentialFeed.app/EssentialFeed";
			};
			name = Debug;
		};
		04577C462692E30400095E5C /* Release */ = {
			isa = XCBuildConfiguration;
			buildSettings = {
				ALWAYS_EMBED_SWIFT_STANDARD_LIBRARIES = YES;
				BUNDLE_LOADER = "$(TEST_HOST)";
				CODE_SIGN_STYLE = Automatic;
				DEVELOPMENT_TEAM = 2C96CYR5K8;
				INFOPLIST_FILE = EssentialFeedTests/Info.plist;
				IPHONEOS_DEPLOYMENT_TARGET = 14.2;
				LD_RUNPATH_SEARCH_PATHS = (
					"$(inherited)",
					"@executable_path/Frameworks",
					"@loader_path/Frameworks",
				);
				PRODUCT_BUNDLE_IDENTIFIER = com.allen.EssentialFeedTests;
				PRODUCT_NAME = "$(TARGET_NAME)";
				SWIFT_VERSION = 5.0;
				TARGETED_DEVICE_FAMILY = "1,2";
				TEST_HOST = "$(BUILT_PRODUCTS_DIR)/EssentialFeed.app/EssentialFeed";
			};
			name = Release;
		};
		04577C482692E30400095E5C /* Debug */ = {
			isa = XCBuildConfiguration;
			buildSettings = {
				ALWAYS_EMBED_SWIFT_STANDARD_LIBRARIES = YES;
				CODE_SIGN_STYLE = Automatic;
				DEVELOPMENT_TEAM = 2C96CYR5K8;
				INFOPLIST_FILE = EssentialFeedUITests/Info.plist;
				LD_RUNPATH_SEARCH_PATHS = (
					"$(inherited)",
					"@executable_path/Frameworks",
					"@loader_path/Frameworks",
				);
				PRODUCT_BUNDLE_IDENTIFIER = com.allen.EssentialFeedUITests;
				PRODUCT_NAME = "$(TARGET_NAME)";
				SWIFT_VERSION = 5.0;
				TARGETED_DEVICE_FAMILY = "1,2";
				TEST_TARGET_NAME = EssentialFeed;
			};
			name = Debug;
		};
		04577C492692E30400095E5C /* Release */ = {
			isa = XCBuildConfiguration;
			buildSettings = {
				ALWAYS_EMBED_SWIFT_STANDARD_LIBRARIES = YES;
				CODE_SIGN_STYLE = Automatic;
				DEVELOPMENT_TEAM = 2C96CYR5K8;
				INFOPLIST_FILE = EssentialFeedUITests/Info.plist;
				LD_RUNPATH_SEARCH_PATHS = (
					"$(inherited)",
					"@executable_path/Frameworks",
					"@loader_path/Frameworks",
				);
				PRODUCT_BUNDLE_IDENTIFIER = com.allen.EssentialFeedUITests;
				PRODUCT_NAME = "$(TARGET_NAME)";
				SWIFT_VERSION = 5.0;
				TARGETED_DEVICE_FAMILY = "1,2";
				TEST_TARGET_NAME = EssentialFeed;
			};
			name = Release;
		};
/* End XCBuildConfiguration section */

/* Begin XCConfigurationList section */
		04577C122692E30000095E5C /* Build configuration list for PBXProject "EssentialFeed" */ = {
			isa = XCConfigurationList;
			buildConfigurations = (
				04577C3F2692E30400095E5C /* Debug */,
				04577C402692E30400095E5C /* Release */,
			);
			defaultConfigurationIsVisible = 0;
			defaultConfigurationName = Release;
		};
		04577C412692E30400095E5C /* Build configuration list for PBXNativeTarget "EssentialFeed" */ = {
			isa = XCConfigurationList;
			buildConfigurations = (
				04577C422692E30400095E5C /* Debug */,
				04577C432692E30400095E5C /* Release */,
			);
			defaultConfigurationIsVisible = 0;
			defaultConfigurationName = Release;
		};
		04577C442692E30400095E5C /* Build configuration list for PBXNativeTarget "EssentialFeedTests" */ = {
			isa = XCConfigurationList;
			buildConfigurations = (
				04577C452692E30400095E5C /* Debug */,
				04577C462692E30400095E5C /* Release */,
			);
			defaultConfigurationIsVisible = 0;
			defaultConfigurationName = Release;
		};
		04577C472692E30400095E5C /* Build configuration list for PBXNativeTarget "EssentialFeedUITests" */ = {
			isa = XCConfigurationList;
			buildConfigurations = (
				04577C482692E30400095E5C /* Debug */,
				04577C492692E30400095E5C /* Release */,
			);
			defaultConfigurationIsVisible = 0;
			defaultConfigurationName = Release;
		};
/* End XCConfigurationList section */
	};
	rootObject = 04577C0F2692E30000095E5C /* Project object */;
}
